{
  "lockfile_version": "1",
  "packages": {
    "gnupg@latest": {
      "last_modified": "2025-04-17T05:47:26Z",
      "resolved": "github:NixOS/nixpkgs/ebe4301cbd8f81c4f8d3244b3632338bbeb6d49c#gnupg",
      "source": "devbox-search",
      "version": "2.4.7",
      "systems": {
        "aarch64-darwin": {
          "outputs": [
            {
              "name": "out",
              "path": "/nix/store/12rr0qf4b1kmy6li5781gy3b3cnac9bp-gnupg-2.4.7",
              "default": true
            }
          ],
          "store_path": "/nix/store/12rr0qf4b1kmy6li5781gy3b3cnac9bp-gnupg-2.4.7"
        },
        "aarch64-linux": {
          "outputs": [
            {
              "name": "out",
              "path": "/nix/store/g2dig0xsmi4g6ms3wsaj130awn995nbl-gnupg-2.4.7",
              "default": true
            }
          ],
          "store_path": "/nix/store/g2dig0xsmi4g6ms3wsaj130awn995nbl-gnupg-2.4.7"
        },
        "x86_64-darwin": {
          "outputs": [
            {
              "name": "out",
              "path": "/nix/store/hpry92s8is5say0svlfdz3r28jnv843l-gnupg-2.4.7",
              "default": true
            }
          ],
          "store_path": "/nix/store/hpry92s8is5say0svlfdz3r28jnv843l-gnupg-2.4.7"
        },
        "x86_64-linux": {
          "outputs": [
            {
              "name": "out",
              "path": "/nix/store/wfsqj2kiqsnrp24gjfrw2bprrmzca31i-gnupg-2.4.7",
              "default": true
            }
          ],
          "store_path": "/nix/store/wfsqj2kiqsnrp24gjfrw2bprrmzca31i-gnupg-2.4.7"
        }
      }
    },
    "jdk@25": {
      "last_modified": "2025-10-22T20:59:19Z",
      "resolved": "github:NixOS/nixpkgs/01b6809f7f9d1183a2b3e081f0a1e6f8f415cb09#jdk25",
      "source": "devbox-search",
      "version": "25+36",
      "systems": {
        "aarch64-linux": {
          "outputs": [
            {
              "name": "out",
              "path": "/nix/store/lsr9sdklahf4msrjlwmp8ysn4sycj3h7-openjdk-25+36",
              "default": true
            },
            {
              "name": "debug",
              "path": "/nix/store/j2183nlslm3k5bj04ikddddl63jgv8gl-openjdk-25+36-debug"
            }
          ],
          "store_path": "/nix/store/lsr9sdklahf4msrjlwmp8ysn4sycj3h7-openjdk-25+36"
        },
        "x86_64-linux": {
          "outputs": [
            {
              "name": "out",
              "path": "/nix/store/6wjxc7yjlz14qzrmlzpzirv65wisx3wd-openjdk-25+36",
              "default": true
            },
            {
              "name": "debug",
              "path": "/nix/store/9gr02286v02zjrrxlb71524wa0mxbl0p-openjdk-25+36-debug"
            }
          ],
          "store_path": "/nix/store/6wjxc7yjlz14qzrmlzpzirv65wisx3wd-openjdk-25+36"
        }
      }
    },
    "maven@latest": {
      "last_modified": "2025-03-11T17:52:14Z",
      "resolved": "github:NixOS/nixpkgs/0d534853a55b5d02a4ababa1d71921ce8f0aee4c#maven",
      "source": "devbox-search",
      "version": "3.9.9",
      "systems": {
        "aarch64-darwin": {
          "outputs": [
            {
              "name": "out",
              "path": "/nix/store/v73qgp24ds2v8j405jpf2v55hy6m8hp8-maven-3.9.9",
              "default": true
            }
          ],
          "store_path": "/nix/store/v73qgp24ds2v8j405jpf2v55hy6m8hp8-maven-3.9.9"
        },
        "aarch64-linux": {
          "outputs": [
            {
              "name": "out",
              "path": "/nix/store/4n0s9nsm6l821qi17s96bz3zxy0f88ik-maven-3.9.9",
              "default": true
            }
          ],
          "store_path": "/nix/store/4n0s9nsm6l821qi17s96bz3zxy0f88ik-maven-3.9.9"
        },
        "x86_64-darwin": {
          "outputs": [
            {
              "name": "out",
              "path": "/nix/store/5i1a0akwgvkma22fgi5p5lvgqi25xqbz-maven-3.9.9",
              "default": true
            }
          ],
          "store_path": "/nix/store/5i1a0akwgvkma22fgi5p5lvgqi25xqbz-maven-3.9.9"
        },
        "x86_64-linux": {
          "outputs": [
            {
              "name": "out",
              "path": "/nix/store/aj031scg0r8jxklz2j2ihyys31ydzcd2-maven-3.9.9",
              "default": true
            }
          ],
          "store_path": "/nix/store/aj031scg0r8jxklz2j2ihyys31ydzcd2-maven-3.9.9"
        }
      }
    }
  }
}
